
Microsoft Visual Studio Solution File, Format Version 12.00
# Visual Studio Version 17
VisualStudioVersion = 17.13.35818.85 d17.13
MinimumVisualStudioVersion = 10.0.40219.1
Project("{54A90642-561A-4BB1-A94E-469ADEE60C69}") = "paradigmxdrive.client", "paradigmxdrive.client\paradigmxdrive.client.esproj", "{C9FA21CD-322D-1B1F-981D-F81F4580666F}"
EndProject
Project("{FAE04EC0-301F-11D3-BF4B-00C04F79EFBC}") = "ParadigmXDrive.Server", "ParadigmXDrive.Server\ParadigmXDrive.Server.csproj", "{0EF8065A-1851-4678-BDE3-D7F71294BBE8}"
EndProject
Global
	GlobalSection(SolutionConfigurationPlatforms) = preSolution
		Debug|Any CPU = Debug|Any CPU
		Release|Any CPU = Release|Any CPU
	EndGlobalSection
	GlobalSection(ProjectConfigurationPlatforms) = postSolution
		{C9FA21CD-322D-1B1F-981D-F81F4580666F}.Debug|Any CPU.ActiveCfg = Debug|Any CPU
		{C9FA21CD-322D-1B1F-981D-F81F4580666F}.Debug|Any CPU.Build.0 = Debug|Any CPU
		{C9FA21CD-322D-1B1F-981D-F81F4580666F}.Debug|Any CPU.Deploy.0 = Debug|Any CPU
		{C9FA21CD-322D-1B1F-981D-F81F4580666F}.Release|Any CPU.ActiveCfg = Release|Any CPU
		{C9FA21CD-322D-1B1F-981D-F81F4580666F}.Release|Any CPU.Build.0 = Release|Any CPU
		{C9FA21CD-322D-1B1F-981D-F81F4580666F}.Release|Any CPU.Deploy.0 = Release|Any CPU
		{0EF8065A-1851-4678-BDE3-D7F71294BBE8}.Debug|Any CPU.ActiveCfg = Debug|Any CPU
		{0EF8065A-1851-4678-BDE3-D7F71294BBE8}.Debug|Any CPU.Build.0 = Debug|Any CPU
		{0EF8065A-1851-4678-BDE3-D7F71294BBE8}.Release|Any CPU.ActiveCfg = Release|Any CPU
		{0EF8065A-1851-4678-BDE3-D7F71294BBE8}.Release|Any CPU.Build.0 = Release|Any CPU
	EndGlobalSection
	GlobalSection(SolutionProperties) = preSolution
		HideSolutionNode = FALSE
	EndGlobalSection
	GlobalSection(ExtensibilityGlobals) = postSolution
		SolutionGuid = {D7659AEF-6537-4784-A222-55061DD3C2F5}
	EndGlobalSection
EndGlobal
